
Microsoft Visual Studio Solution File, Format Version 12.00
# Visual Studio Version 17
VisualStudioVersion = 17.7.34221.43
MinimumVisualStudioVersion = 10.0.40219.1
Project("{FAE04EC0-301F-11D3-BF4B-00C04F79EFBC}") = "ComputerShop", "ComputerShop.csproj", "{C04B12A6-8D63-4AEA-B00C-3F9D43E9DE07}"
EndProject
Global
	GlobalSection(SolutionConfigurationPlatforms) = preSolution
		Debug|Any CPU = Debug|Any CPU
		Release|Any CPU = Release|Any CPU
	EndGlobalSection
	GlobalSection(ProjectConfigurationPlatforms) = postSolution
		{C04B12A6-8D63-4AEA-B00C-3F9D43E9DE07}.Debug|Any CPU.ActiveCfg = Debug|Any CPU
		{C04B12A6-8D63-4AEA-B00C-3F9D43E9DE07}.Debug|Any CPU.Build.0 = Debug|Any CPU
		{C04B12A6-8D63-4AEA-B00C-3F9D43E9DE07}.Release|Any CPU.ActiveCfg = Release|Any CPU
		{C04B12A6-8D63-4AEA-B00C-3F9D43E9DE07}.Release|Any CPU.Build.0 = Release|Any CPU
	EndGlobalSection
	GlobalSection(SolutionProperties) = preSolution
		HideSolutionNode = FALSE
	EndGlobalSection
	GlobalSection(ExtensibilityGlobals) = postSolution
		SolutionGuid = {E8BEECF6-647F-4B49-AB4E-D69A5CD1C2BF}
	EndGlobalSection
EndGlobal
